
Microsoft Visual Studio Solution File, Format Version 12.00
# Visual Studio Version 17
VisualStudioVersion = 17.7.34031.279
MinimumVisualStudioVersion = 10.0.40219.1
Project("{FAE04EC0-301F-11D3-BF4B-00C04F79EFBC}") = "ozellikler", "ozellikler\ozellikler.csproj", "{2C7C04F4-2848-4F93-A547-0B05E3D9E738}"
EndProject
Global
	GlobalSection(SolutionConfigurationPlatforms) = preSolution
		Debug|Any CPU = Debug|Any CPU
		Release|Any CPU = Release|Any CPU
	EndGlobalSection
	GlobalSection(ProjectConfigurationPlatforms) = postSolution
		{2C7C04F4-2848-4F93-A547-0B05E3D9E738}.Debug|Any CPU.ActiveCfg = Debug|Any CPU
		{2C7C04F4-2848-4F93-A547-0B05E3D9E738}.Debug|Any CPU.Build.0 = Debug|Any CPU
		{2C7C04F4-2848-4F93-A547-0B05E3D9E738}.Release|Any CPU.ActiveCfg = Release|Any CPU
		{2C7C04F4-2848-4F93-A547-0B05E3D9E738}.Release|Any CPU.Build.0 = Release|Any CPU
	EndGlobalSection
	GlobalSection(SolutionProperties) = preSolution
		HideSolutionNode = FALSE
	EndGlobalSection
	GlobalSection(ExtensibilityGlobals) = postSolution
		SolutionGuid = {8A533DFD-E9E9-49DB-A365-9697CC53FA38}
	EndGlobalSection
EndGlobal
